
Microsoft Visual Studio Solution File, Format Version 12.00
# Visual Studio Version 17
VisualStudioVersion = 17.0.32014.148
MinimumVisualStudioVersion = 10.0.40219.1
Project("{9A19103F-16F7-4668-BE54-9A1E7A4F7556}") = "Unichain", "src\Unichain.csproj", "{1F8F4B9C-57C1-46F3-A12F-66A759C52EDB}"
EndProject
Project("{FAE04EC0-301F-11D3-BF4B-00C04F79EFBC}") = "UnichainCLI", "UnichainCLI\UnichainCLI.csproj", "{C3F66C0A-B880-4AA1-BDD2-48A58EB77134}"
EndProject
Global
	GlobalSection(SolutionConfigurationPlatforms) = preSolution
		Debug|Any CPU = Debug|Any CPU
		Release|Any CPU = Release|Any CPU
	EndGlobalSection
	GlobalSection(ProjectConfigurationPlatforms) = postSolution
		{1F8F4B9C-57C1-46F3-A12F-66A759C52EDB}.Debug|Any CPU.ActiveCfg = Debug|Any CPU
		{1F8F4B9C-57C1-46F3-A12F-66A759C52EDB}.Debug|Any CPU.Build.0 = Debug|Any CPU
		{1F8F4B9C-57C1-46F3-A12F-66A759C52EDB}.Release|Any CPU.ActiveCfg = Release|Any CPU
		{1F8F4B9C-57C1-46F3-A12F-66A759C52EDB}.Release|Any CPU.Build.0 = Release|Any CPU
		{C3F66C0A-B880-4AA1-BDD2-48A58EB77134}.Debug|Any CPU.ActiveCfg = Debug|Any CPU
		{C3F66C0A-B880-4AA1-BDD2-48A58EB77134}.Debug|Any CPU.Build.0 = Debug|Any CPU
		{C3F66C0A-B880-4AA1-BDD2-48A58EB77134}.Release|Any CPU.ActiveCfg = Release|Any CPU
		{C3F66C0A-B880-4AA1-BDD2-48A58EB77134}.Release|Any CPU.Build.0 = Release|Any CPU
	EndGlobalSection
	GlobalSection(SolutionProperties) = preSolution
		HideSolutionNode = FALSE
	EndGlobalSection
	GlobalSection(ExtensibilityGlobals) = postSolution
		SolutionGuid = {E9F2124A-BAB3-4076-99B5-13F94CD66158}
	EndGlobalSection
EndGlobal
